{
  "nodes": {
    "home-manager": {
      "inputs": {
        "nixpkgs": [
          "nixpkgs"
        ]
      },
      "locked": {
        "lastModified": 1741563526,
        "narHash": "sha256-FAJ7jIwFq1gxbxS+cdhtTxFM8eLWgP0jQGaVIvA/bug=",
        "owner": "nix-community",
        "repo": "home-manager",
        "rev": "597f9c2f06af8791b31c48ad05471ac5afbd0f0a",
        "type": "github"
      },
      "original": {
        "owner": "nix-community",
        "repo": "home-manager",
        "type": "github"
      }
    },
    "nix-flatpak": {
      "locked": {
        "lastModified": 1739444422,
        "narHash": "sha256-iAVVHi7X3kWORftY+LVbRiStRnQEob2TULWyjMS6dWg=",
        "owner": "gmodena",
        "repo": "nix-flatpak",
        "rev": "5e54c3ca05a7c7d968ae1ddeabe01d2a9bc1e177",
        "type": "github"
      },
      "original": {
        "owner": "gmodena",
        "ref": "latest",
        "repo": "nix-flatpak",
        "type": "github"
      }
    },
    "nixpkgs": {
      "locked": {
        "lastModified": 1741379970,
        "narHash": "sha256-Wh7esNh7G24qYleLvgOSY/7HlDUzWaL/n4qzlBePpiw=",
        "owner": "NixOS",
        "repo": "nixpkgs",
        "rev": "36fd87baa9083f34f7f5027900b62ee6d09b1f2f",
        "type": "github"
      },
      "original": {
        "owner": "NixOS",
        "ref": "nixos-unstable",
        "repo": "nixpkgs",
        "type": "github"
      }
    },
    "root": {
      "inputs": {
        "home-manager": "home-manager",
        "nix-flatpak": "nix-flatpak",
        "nixpkgs": "nixpkgs",
        "zen-browser": "zen-browser"
      }
    },
    "zen-browser": {
      "inputs": {
        "nixpkgs": [
          "nixpkgs"
        ]
      },
      "locked": {
        "lastModified": 1741493092,
        "narHash": "sha256-jShBVqU8K5rN8xtsq2JDgq+KInRw3pDbp8SViMIz5pE=",
        "owner": "youwen5",
        "repo": "zen-browser-flake",
        "rev": "117945c4162d78f2cc7ad578cf44edbbf1ee33fb",
        "type": "github"
      },
      "original": {
        "owner": "youwen5",
        "repo": "zen-browser-flake",
        "type": "github"
      }
    }
  },
  "root": "root",
  "version": 7
}
